// !$*UTF8*$!
{
	archiveVersion = 1;
	classes = {
	};
	objectVersion = 46;
	objects = {

/* Begin PBXBuildFile section */
		5D0466A3195AB653004D252B /* CalculatorCore.swift in Sources */ = {isa = PBXBuildFile; fileRef = 5D0466A2195AB653004D252B /* CalculatorCore.swift */; };
		5D0466A5195B14CD004D252B /* Util.swift in Sources */ = {isa = PBXBuildFile; fileRef = 5D0466A4195B14CD004D252B /* Util.swift */; };
		5D08DEF5195A6FEF007DD995 /* BigCombtn.swift in Sources */ = {isa = PBXBuildFile; fileRef = 5D08DEF4195A6FEF007DD995 /* BigCombtn.swift */; };
		5D7D32B319592F3F00BA9368 /* Numbtn.swift in Sources */ = {isa = PBXBuildFile; fileRef = 5D7D32B219592F3F00BA9368 /* Numbtn.swift */; };
		5D7D32B619594CBD00BA9368 /* Btnenum.swift in Sources */ = {isa = PBXBuildFile; fileRef = 5D7D32B519594CBD00BA9368 /* Btnenum.swift */; };
		5D99DCC8197FB4D90007CCAD /* CoreGraphicsViewController.swift in Sources */ = {isa = PBXBuildFile; fileRef = 5D99DCC7197FB4D90007CCAD /* CoreGraphicsViewController.swift */; };
		5DD104281951B9B6006A6C5D /* AppDelegate.swift in Sources */ = {isa = PBXBuildFile; fileRef = 5DD104271951B9B6006A6C5D /* AppDelegate.swift */; };
		5DD1042A1951B9B6006A6C5D /* Images.xcassets in Resources */ = {isa = PBXBuildFile; fileRef = 5DD104291951B9B6006A6C5D /* Images.xcassets */; };
		5DD104361951B9B6006A6C5D /* MySwiftTableTests.swift in Sources */ = {isa = PBXBuildFile; fileRef = 5DD104351951B9B6006A6C5D /* MySwiftTableTests.swift */; };
		5DD104401951B9D1006A6C5D /* TableViewController.swift in Sources */ = {isa = PBXBuildFile; fileRef = 5DD1043F1951B9D1006A6C5D /* TableViewController.swift */; };
		5DD1044219532255006A6C5D /* CalculatorViewController.swift in Sources */ = {isa = PBXBuildFile; fileRef = 5DD1044119532255006A6C5D /* CalculatorViewController.swift */; };
		5DD1044419532F32006A6C5D /* Calbtn.swift in Sources */ = {isa = PBXBuildFile; fileRef = 5DD1044319532F32006A6C5D /* Calbtn.swift */; };
		5DD1044619551BAA006A6C5D /* CalbtnFactory.swift in Sources */ = {isa = PBXBuildFile; fileRef = 5DD1044519551BAA006A6C5D /* CalbtnFactory.swift */; };
		5DD1044819552A91006A6C5D /* Combtn.swift in Sources */ = {isa = PBXBuildFile; fileRef = 5DD1044719552A91006A6C5D /* Combtn.swift */; };
/* End PBXBuildFile section */

/* Begin PBXContainerItemProxy section */
		5DD104301951B9B6006A6C5D /* PBXContainerItemProxy */ = {
			isa = PBXContainerItemProxy;
			containerPortal = 5DD1041A1951B9B6006A6C5D /* Project object */;
			proxyType = 1;
			remoteGlobalIDString = 5DD104211951B9B6006A6C5D;
			remoteInfo = MySwiftTable;
		};
/* End PBXContainerItemProxy section */

/* Begin PBXFileReference section */
		5D0466A2195AB653004D252B /* CalculatorCore.swift */ = {isa = PBXFileReference; fileEncoding = 4; lastKnownFileType = sourcecode.swift; path = CalculatorCore.swift; sourceTree = "<group>"; };
		5D0466A4195B14CD004D252B /* Util.swift */ = {isa = PBXFileReference; fileEncoding = 4; lastKnownFileType = sourcecode.swift; path = Util.swift; sourceTree = "<group>"; };
		5D08DEF4195A6FEF007DD995 /* BigCombtn.swift */ = {isa = PBXFileReference; fileEncoding = 4; lastKnownFileType = sourcecode.swift; path = BigCombtn.swift; sourceTree = "<group>"; };
		5D7D32B219592F3F00BA9368 /* Numbtn.swift */ = {isa = PBXFileReference; fileEncoding = 4; lastKnownFileType = sourcecode.swift; path = Numbtn.swift; sourceTree = "<group>"; };
		5D7D32B4195949F800BA9368 /* test.playground */ = {isa = PBXFileReference; lastKnownFileType = file.playground; path = test.playground; sourceTree = "<group>"; };
		5D7D32B519594CBD00BA9368 /* Btnenum.swift */ = {isa = PBXFileReference; fileEncoding = 4; lastKnownFileType = sourcecode.swift; path = Btnenum.swift; sourceTree = "<group>"; };
		5D99DCC7197FB4D90007CCAD /* CoreGraphicsViewController.swift */ = {isa = PBXFileReference; fileEncoding = 4; lastKnownFileType = sourcecode.swift; path = CoreGraphicsViewController.swift; sourceTree = "<group>"; };
		5DD104221951B9B6006A6C5D /* MySwiftTable.app */ = {isa = PBXFileReference; explicitFileType = wrapper.application; includeInIndex = 0; path = MySwiftTable.app; sourceTree = BUILT_PRODUCTS_DIR; };
		5DD104261951B9B6006A6C5D /* Info.plist */ = {isa = PBXFileReference; lastKnownFileType = text.plist.xml; path = Info.plist; sourceTree = "<group>"; };
		5DD104271951B9B6006A6C5D /* AppDelegate.swift */ = {isa = PBXFileReference; lastKnownFileType = sourcecode.swift; path = AppDelegate.swift; sourceTree = "<group>"; };
		5DD104291951B9B6006A6C5D /* Images.xcassets */ = {isa = PBXFileReference; lastKnownFileType = folder.assetcatalog; path = Images.xcassets; sourceTree = "<group>"; };
		5DD1042F1951B9B6006A6C5D /* MySwiftTableTests.xctest */ = {isa = PBXFileReference; explicitFileType = wrapper.cfbundle; includeInIndex = 0; path = MySwiftTableTests.xctest; sourceTree = BUILT_PRODUCTS_DIR; };
		5DD104341951B9B6006A6C5D /* Info.plist */ = {isa = PBXFileReference; lastKnownFileType = text.plist.xml; path = Info.plist; sourceTree = "<group>"; };
		5DD104351951B9B6006A6C5D /* MySwiftTableTests.swift */ = {isa = PBXFileReference; lastKnownFileType = sourcecode.swift; path = MySwiftTableTests.swift; sourceTree = "<group>"; };
		5DD1043F1951B9D1006A6C5D /* TableViewController.swift */ = {isa = PBXFileReference; fileEncoding = 4; lastKnownFileType = sourcecode.swift; path = TableViewController.swift; sourceTree = "<group>"; };
		5DD1044119532255006A6C5D /* CalculatorViewController.swift */ = {isa = PBXFileReference; fileEncoding = 4; lastKnownFileType = sourcecode.swift; path = CalculatorViewController.swift; sourceTree = "<group>"; };
		5DD1044319532F32006A6C5D /* Calbtn.swift */ = {isa = PBXFileReference; fileEncoding = 4; lastKnownFileType = sourcecode.swift; path = Calbtn.swift; sourceTree = "<group>"; };
		5DD1044519551BAA006A6C5D /* CalbtnFactory.swift */ = {isa = PBXFileReference; fileEncoding = 4; lastKnownFileType = sourcecode.swift; path = CalbtnFactory.swift; sourceTree = "<group>"; };
		5DD1044719552A91006A6C5D /* Combtn.swift */ = {isa = PBXFileReference; fileEncoding = 4; lastKnownFileType = sourcecode.swift; path = Combtn.swift; sourceTree = "<group>"; };
/* End PBXFileReference section */

/* Begin PBXFrameworksBuildPhase section */
		5DD1041F1951B9B6006A6C5D /* Frameworks */ = {
			isa = PBXFrameworksBuildPhase;
			buildActionMask = 2147483647;
			files = (
			);
			runOnlyForDeploymentPostprocessing = 0;
		};
		5DD1042C1951B9B6006A6C5D /* Frameworks */ = {
			isa = PBXFrameworksBuildPhase;
			buildActionMask = 2147483647;
			files = (
			);
			runOnlyForDeploymentPostprocessing = 0;
		};
/* End PBXFrameworksBuildPhase section */

/* Begin PBXGroup section */
		5D99DCC5197FB4270007CCAD /* Calculator */ = {
			isa = PBXGroup;
			children = (
				5DD1044119532255006A6C5D /* CalculatorViewController.swift */,
				5D0466A2195AB653004D252B /* CalculatorCore.swift */,
				5DD1044519551BAA006A6C5D /* CalbtnFactory.swift */,
				5DD1044319532F32006A6C5D /* Calbtn.swift */,
				5DD1044719552A91006A6C5D /* Combtn.swift */,
				5D08DEF4195A6FEF007DD995 /* BigCombtn.swift */,
				5D7D32B219592F3F00BA9368 /* Numbtn.swift */,
				5D7D32B519594CBD00BA9368 /* Btnenum.swift */,
			);
			name = Calculator;
			sourceTree = "<group>";
		};
		5D99DCC6197FB43F0007CCAD /* CoreGraphics */ = {
			isa = PBXGroup;
			children = (
				5D99DCC7197FB4D90007CCAD /* CoreGraphicsViewController.swift */,
			);
			name = CoreGraphics;
			sourceTree = "<group>";
		};
		5DD104191951B9B6006A6C5D = {
			isa = PBXGroup;
			children = (
				5DD104241951B9B6006A6C5D /* MySwiftTable */,
				5DD104321951B9B6006A6C5D /* MySwiftTableTests */,
				5DD104231951B9B6006A6C5D /* Products */,
			);
			sourceTree = "<group>";
		};
		5DD104231951B9B6006A6C5D /* Products */ = {
			isa = PBXGroup;
			children = (
				5DD104221951B9B6006A6C5D /* MySwiftTable.app */,
				5DD1042F1951B9B6006A6C5D /* MySwiftTableTests.xctest */,
			);
			name = Products;
			sourceTree = "<group>";
		};
		5DD104241951B9B6006A6C5D /* MySwiftTable */ = {
			isa = PBXGroup;
			children = (
				5D99DCC6197FB43F0007CCAD /* CoreGraphics */,
				5DD104271951B9B6006A6C5D /* AppDelegate.swift */,
				5DD104291951B9B6006A6C5D /* Images.xcassets */,
				5DD104251951B9B6006A6C5D /* Supporting Files */,
				5DD1043F1951B9D1006A6C5D /* TableViewController.swift */,
				5D99DCC5197FB4270007CCAD /* Calculator */,
				5D0466A4195B14CD004D252B /* Util.swift */,
				5D7D32B4195949F800BA9368 /* test.playground */,
			);
			path = MySwiftTable;
			sourceTree = "<group>";
		};
		5DD104251951B9B6006A6C5D /* Supporting Files */ = {
			isa = PBXGroup;
			children = (
				5DD104261951B9B6006A6C5D /* Info.plist */,
			);
			name = "Supporting Files";
			sourceTree = "<group>";
		};
		5DD104321951B9B6006A6C5D /* MySwiftTableTests */ = {
			isa = PBXGroup;
			children = (
				5DD104351951B9B6006A6C5D /* MySwiftTableTests.swift */,
				5DD104331951B9B6006A6C5D /* Supporting Files */,
			);
			path = MySwiftTableTests;
			sourceTree = "<group>";
		};
		5DD104331951B9B6006A6C5D /* Supporting Files */ = {
			isa = PBXGroup;
			children = (
				5DD104341951B9B6006A6C5D /* Info.plist */,
			);
			name = "Supporting Files";
			sourceTree = "<group>";
		};
/* End PBXGroup section */

/* Begin PBXNativeTarget section */
		5DD104211951B9B6006A6C5D /* MySwiftTable */ = {
			isa = PBXNativeTarget;
			buildConfigurationList = 5DD104391951B9B6006A6C5D /* Build configuration list for PBXNativeTarget "MySwiftTable" */;
			buildPhases = (
				5DD1041E1951B9B6006A6C5D /* Sources */,
				5DD1041F1951B9B6006A6C5D /* Frameworks */,
				5DD104201951B9B6006A6C5D /* Resources */,
			);
			buildRules = (
			);
			dependencies = (
			);
			name = MySwiftTable;
			productName = MySwiftTable;
			productReference = 5DD104221951B9B6006A6C5D /* MySwiftTable.app */;
			productType = "com.apple.product-type.application";
		};
		5DD1042E1951B9B6006A6C5D /* MySwiftTableTests */ = {
			isa = PBXNativeTarget;
			buildConfigurationList = 5DD1043C1951B9B6006A6C5D /* Build configuration list for PBXNativeTarget "MySwiftTableTests" */;
			buildPhases = (
				5DD1042B1951B9B6006A6C5D /* Sources */,
				5DD1042C1951B9B6006A6C5D /* Frameworks */,
				5DD1042D1951B9B6006A6C5D /* Resources */,
			);
			buildRules = (
			);
			dependencies = (
				5DD104311951B9B6006A6C5D /* PBXTargetDependency */,
			);
			name = MySwiftTableTests;
			productName = MySwiftTableTests;
			productReference = 5DD1042F1951B9B6006A6C5D /* MySwiftTableTests.xctest */;
			productType = "com.apple.product-type.bundle.unit-test";
		};
/* End PBXNativeTarget section */

/* Begin PBXProject section */
		5DD1041A1951B9B6006A6C5D /* Project object */ = {
			isa = PBXProject;
			attributes = {
				LastUpgradeCheck = 0600;
				ORGANIZATIONNAME = yong.pan;
				TargetAttributes = {
					5DD104211951B9B6006A6C5D = {
						CreatedOnToolsVersion = 6.0;
					};
					5DD1042E1951B9B6006A6C5D = {
						CreatedOnToolsVersion = 6.0;
						TestTargetID = 5DD104211951B9B6006A6C5D;
					};
				};
			};
			buildConfigurationList = 5DD1041D1951B9B6006A6C5D /* Build configuration list for PBXProject "MySwiftTable" */;
			compatibilityVersion = "Xcode 3.2";
			developmentRegion = English;
			hasScannedForEncodings = 0;
			knownRegions = (
				en,
			);
			mainGroup = 5DD104191951B9B6006A6C5D;
			productRefGroup = 5DD104231951B9B6006A6C5D /* Products */;
			projectDirPath = "";
			projectRoot = "";
			targets = (
				5DD104211951B9B6006A6C5D /* MySwiftTable */,
				5DD1042E1951B9B6006A6C5D /* MySwiftTableTests */,
			);
		};
/* End PBXProject section */

/* Begin PBXResourcesBuildPhase section */
		5DD104201951B9B6006A6C5D /* Resources */ = {
			isa = PBXResourcesBuildPhase;
			buildActionMask = 2147483647;
			files = (
				5DD1042A1951B9B6006A6C5D /* Images.xcassets in Resources */,
			);
			runOnlyForDeploymentPostprocessing = 0;
		};
		5DD1042D1951B9B6006A6C5D /* Resources */ = {
			isa = PBXResourcesBuildPhase;
			buildActionMask = 2147483647;
			files = (
			);
			runOnlyForDeploymentPostprocessing = 0;
		};
/* End PBXResourcesBuildPhase section */

/* Begin PBXSourcesBuildPhase section */
		5DD1041E1951B9B6006A6C5D /* Sources */ = {
			isa = PBXSourcesBuildPhase;
			buildActionMask = 2147483647;
			files = (
				5D0466A5195B14CD004D252B /* Util.swift in Sources */,
				5DD1044619551BAA006A6C5D /* CalbtnFactory.swift in Sources */,
				5D7D32B619594CBD00BA9368 /* Btnenum.swift in Sources */,
				5DD104281951B9B6006A6C5D /* AppDelegate.swift in Sources */,
				5D99DCC8197FB4D90007CCAD /* CoreGraphicsViewController.swift in Sources */,
				5DD1044819552A91006A6C5D /* Combtn.swift in Sources */,
				5D0466A3195AB653004D252B /* CalculatorCore.swift in Sources */,
				5DD1044219532255006A6C5D /* CalculatorViewController.swift in Sources */,
				5DD104401951B9D1006A6C5D /* TableViewController.swift in Sources */,
				5D08DEF5195A6FEF007DD995 /* BigCombtn.swift in Sources */,
				5D7D32B319592F3F00BA9368 /* Numbtn.swift in Sources */,
				5DD1044419532F32006A6C5D /* Calbtn.swift in Sources */,
			);
			runOnlyForDeploymentPostprocessing = 0;
		};
		5DD1042B1951B9B6006A6C5D /* Sources */ = {
			isa = PBXSourcesBuildPhase;
			buildActionMask = 2147483647;
			files = (
				5DD104361951B9B6006A6C5D /* MySwiftTableTests.swift in Sources */,
			);
			runOnlyForDeploymentPostprocessing = 0;
		};
/* End PBXSourcesBuildPhase section */

/* Begin PBXTargetDependency section */
		5DD104311951B9B6006A6C5D /* PBXTargetDependency */ = {
			isa = PBXTargetDependency;
			target = 5DD104211951B9B6006A6C5D /* MySwiftTable */;
			targetProxy = 5DD104301951B9B6006A6C5D /* PBXContainerItemProxy */;
		};
/* End PBXTargetDependency section */

/* Begin XCBuildConfiguration section */
		5DD104371951B9B6006A6C5D /* Debug */ = {
			isa = XCBuildConfiguration;
			buildSettings = {
				ALWAYS_SEARCH_USER_PATHS = NO;
				CLANG_CXX_LANGUAGE_STANDARD = "gnu++0x";
				CLANG_CXX_LIBRARY = "libc++";
				CLANG_ENABLE_MODULES = YES;
				CLANG_ENABLE_OBJC_ARC = YES;
				CLANG_WARN_BOOL_CONVERSION = YES;
				CLANG_WARN_CONSTANT_CONVERSION = YES;
				CLANG_WARN_DIRECT_OBJC_ISA_USAGE = YES_ERROR;
				CLANG_WARN_EMPTY_BODY = YES;
				CLANG_WARN_ENUM_CONVERSION = YES;
				CLANG_WARN_INT_CONVERSION = YES;
				CLANG_WARN_OBJC_ROOT_CLASS = YES_ERROR;
				CLANG_WARN_UNREACHABLE_CODE = YES;
				CLANG_WARN__DUPLICATE_METHOD_MATCH = YES;
				"CODE_SIGN_IDENTITY[sdk=iphoneos*]" = "iPhone Developer";
				COPY_PHASE_STRIP = NO;
				ENABLE_STRICT_OBJC_MSGSEND = YES;
				GCC_C_LANGUAGE_STANDARD = gnu99;
				GCC_DYNAMIC_NO_PIC = NO;
				GCC_OPTIMIZATION_LEVEL = 0;
				GCC_PREPROCESSOR_DEFINITIONS = (
					"DEBUG=1",
					"$(inherited)",
				);
				GCC_SYMBOLS_PRIVATE_EXTERN = NO;
				GCC_WARN_64_TO_32_BIT_CONVERSION = YES;
				GCC_WARN_ABOUT_RETURN_TYPE = YES_ERROR;
				GCC_WARN_UNDECLARED_SELECTOR = YES;
				GCC_WARN_UNINITIALIZED_AUTOS = YES_AGGRESSIVE;
				GCC_WARN_UNUSED_FUNCTION = YES;
				GCC_WARN_UNUSED_VARIABLE = YES;
				IPHONEOS_DEPLOYMENT_TARGET = 8.0;
				METAL_ENABLE_DEBUG_INFO = YES;
				ONLY_ACTIVE_ARCH = YES;
				SDKROOT = iphoneos;
				SWIFT_OPTIMIZATION_LEVEL = "-Onone";
			};
			name = Debug;
		};
		5DD104381951B9B6006A6C5D /* Release */ = {
			isa = XCBuildConfiguration;
			buildSettings = {
				ALWAYS_SEARCH_USER_PATHS = NO;
				CLANG_CXX_LANGUAGE_STANDARD = "gnu++0x";
				CLANG_CXX_LIBRARY = "libc++";
				CLANG_ENABLE_MODULES = YES;
				CLANG_ENABLE_OBJC_ARC = YES;
				CLANG_WARN_BOOL_CONVERSION = YES;
				CLANG_WARN_CONSTANT_CONVERSION = YES;
				CLANG_WARN_DIRECT_OBJC_ISA_USAGE = YES_ERROR;
				CLANG_WARN_EMPTY_BODY = YES;
				CLANG_WARN_ENUM_CONVERSION = YES;
				CLANG_WARN_INT_CONVERSION = YES;
				CLANG_WARN_OBJC_ROOT_CLASS = YES_ERROR;
				CLANG_WARN_UNREACHABLE_CODE = YES;
				CLANG_WARN__DUPLICATE_METHOD_MATCH = YES;
				"CODE_SIGN_IDENTITY[sdk=iphoneos*]" = "iPhone Developer";
				COPY_PHASE_STRIP = YES;
				ENABLE_NS_ASSERTIONS = NO;
				ENABLE_STRICT_OBJC_MSGSEND = YES;
				GCC_C_LANGUAGE_STANDARD = gnu99;
				GCC_WARN_64_TO_32_BIT_CONVERSION = YES;
				GCC_WARN_ABOUT_RETURN_TYPE = YES_ERROR;
				GCC_WARN_UNDECLARED_SELECTOR = YES;
				GCC_WARN_UNINITIALIZED_AUTOS = YES_AGGRESSIVE;
				GCC_WARN_UNUSED_FUNCTION = YES;
				GCC_WARN_UNUSED_VARIABLE = YES;
				IPHONEOS_DEPLOYMENT_TARGET = 8.0;
				METAL_ENABLE_DEBUG_INFO = NO;
				SDKROOT = iphoneos;
				VALIDATE_PRODUCT = YES;
			};
			name = Release;
		};
		5DD1043A1951B9B6006A6C5D /* Debug */ = {
			isa = XCBuildConfiguration;
			buildSettings = {
				ASSETCATALOG_COMPILER_APPICON_NAME = AppIcon;
				ASSETCATALOG_COMPILER_LAUNCHIMAGE_NAME = LaunchImage;
				INFOPLIST_FILE = MySwiftTable/Info.plist;
				IPHONEOS_DEPLOYMENT_TARGET = 7.0;
				LD_RUNPATH_SEARCH_PATHS = "$(inherited) @executable_path/Frameworks";
				PRODUCT_NAME = "$(TARGET_NAME)";
			};
			name = Debug;
		};
		5DD1043B1951B9B6006A6C5D /* Release */ = {
			isa = XCBuildConfiguration;
			buildSettings = {
				ASSETCATALOG_COMPILER_APPICON_NAME = AppIcon;
				ASSETCATALOG_COMPILER_LAUNCHIMAGE_NAME = LaunchImage;
				INFOPLIST_FILE = MySwiftTable/Info.plist;
				IPHONEOS_DEPLOYMENT_TARGET = 7.0;
				LD_RUNPATH_SEARCH_PATHS = "$(inherited) @executable_path/Frameworks";
				PRODUCT_NAME = "$(TARGET_NAME)";
			};
			name = Release;
		};
		5DD1043D1951B9B6006A6C5D /* Debug */ = {
			isa = XCBuildConfiguration;
			buildSettings = {
				BUNDLE_LOADER = "$(BUILT_PRODUCTS_DIR)/MySwiftTable.app/MySwiftTable";
				FRAMEWORK_SEARCH_PATHS = (
					"$(SDKROOT)/Developer/Library/Frameworks",
					"$(inherited)",
				);
				GCC_PREPROCESSOR_DEFINITIONS = (
					"DEBUG=1",
					"$(inherited)",
				);
				INFOPLIST_FILE = MySwiftTableTests/Info.plist;
				LD_RUNPATH_SEARCH_PATHS = "$(inherited) @executable_path/Frameworks @loader_path/Frameworks";
				METAL_ENABLE_DEBUG_INFO = YES;
				PRODUCT_NAME = "$(TARGET_NAME)";
				TEST_HOST = "$(BUNDLE_LOADER)";
			};
			name = Debug;
		};
		5DD1043E1951B9B6006A6C5D /* Release */ = {
			isa = XCBuildConfiguration;
			buildSettings = {
				BUNDLE_LOADER = "$(BUILT_PRODUCTS_DIR)/MySwiftTable.app/MySwiftTable";
				FRAMEWORK_SEARCH_PATHS = (
					"$(SDKROOT)/Developer/Library/Frameworks",
					"$(inherited)",
				);
				INFOPLIST_FILE = MySwiftTableTests/Info.plist;
				LD_RUNPATH_SEARCH_PATHS = "$(inherited) @executable_path/Frameworks @loader_path/Frameworks";
				METAL_ENABLE_DEBUG_INFO = NO;
				PRODUCT_NAME = "$(TARGET_NAME)";
				TEST_HOST = "$(BUNDLE_LOADER)";
			};
			name = Release;
		};
/* End XCBuildConfiguration section */

/* Begin XCConfigurationList section */
		5DD1041D1951B9B6006A6C5D /* Build configuration list for PBXProject "MySwiftTable" */ = {
			isa = XCConfigurationList;
			buildConfigurations = (
				5DD104371951B9B6006A6C5D /* Debug */,
				5DD104381951B9B6006A6C5D /* Release */,
			);
			defaultConfigurationIsVisible = 0;
			defaultConfigurationName = Release;
		};
		5DD104391951B9B6006A6C5D /* Build configuration list for PBXNativeTarget "MySwiftTable" */ = {
			isa = XCConfigurationList;
			buildConfigurations = (
				5DD1043A1951B9B6006A6C5D /* Debug */,
				5DD1043B1951B9B6006A6C5D /* Release */,
			);
			defaultConfigurationIsVisible = 0;
			defaultConfigurationName = Release;
		};
		5DD1043C1951B9B6006A6C5D /* Build configuration list for PBXNativeTarget "MySwiftTableTests" */ = {
			isa = XCConfigurationList;
			buildConfigurations = (
				5DD1043D1951B9B6006A6C5D /* Debug */,
				5DD1043E1951B9B6006A6C5D /* Release */,
			);
			defaultConfigurationIsVisible = 0;
			defaultConfigurationName = Release;
		};
/* End XCConfigurationList section */
	};
	rootObject = 5DD1041A1951B9B6006A6C5D /* Project object */;
}
